
Microsoft Visual Studio Solution File, Format Version 12.00
# Visual Studio Version 17
VisualStudioVersion = 17.14.36408.4 d17.14
MinimumVisualStudioVersion = 10.0.40219.1
Project("{FAE04EC0-301F-11D3-BF4B-00C04F79EFBC}") = "CarSimulator", "CarSimulator\CarSimulator.csproj", "{304A42C2-9BDA-469A-B13D-9EF274EE4D7B}"
EndProject
Project("{FAE04EC0-301F-11D3-BF4B-00C04F79EFBC}") = "CarSimulatorCore", "CarSimulatorCore\CarSimulatorCore.csproj", "{64108768-69AD-40CB-838D-B83861AEDCDA}"
EndProject
Global
	GlobalSection(SolutionConfigurationPlatforms) = preSolution
		Debug|Any CPU = Debug|Any CPU
		Release|Any CPU = Release|Any CPU
	EndGlobalSection
	GlobalSection(ProjectConfigurationPlatforms) = postSolution
		{304A42C2-9BDA-469A-B13D-9EF274EE4D7B}.Debug|Any CPU.ActiveCfg = Debug|Any CPU
		{304A42C2-9BDA-469A-B13D-9EF274EE4D7B}.Debug|Any CPU.Build.0 = Debug|Any CPU
		{304A42C2-9BDA-469A-B13D-9EF274EE4D7B}.Release|Any CPU.ActiveCfg = Release|Any CPU
		{304A42C2-9BDA-469A-B13D-9EF274EE4D7B}.Release|Any CPU.Build.0 = Release|Any CPU
		{64108768-69AD-40CB-838D-B83861AEDCDA}.Debug|Any CPU.ActiveCfg = Debug|Any CPU
		{64108768-69AD-40CB-838D-B83861AEDCDA}.Debug|Any CPU.Build.0 = Debug|Any CPU
		{64108768-69AD-40CB-838D-B83861AEDCDA}.Release|Any CPU.ActiveCfg = Release|Any CPU
		{64108768-69AD-40CB-838D-B83861AEDCDA}.Release|Any CPU.Build.0 = Release|Any CPU
	EndGlobalSection
	GlobalSection(SolutionProperties) = preSolution
		HideSolutionNode = FALSE
	EndGlobalSection
	GlobalSection(ExtensibilityGlobals) = postSolution
		SolutionGuid = {9D4AF4E9-EDD4-43E6-9D99-DDB3D8A8D263}
	EndGlobalSection
EndGlobal
